
Microsoft Visual Studio Solution File, Format Version 12.00
# Visual Studio Version 16
VisualStudioVersion = 16.0.31005.135
MinimumVisualStudioVersion = 10.0.40219.1
Project("{00D1A9C2-B5F0-4AF3-8072-F6C62B433612}") = "TestDatabase", "TestDatabase\TestDatabase.sqlproj", "{AEEECBD5-3A2E-4744-8E7D-45D29B9DA4D5}"
EndProject
Global
	GlobalSection(SolutionConfigurationPlatforms) = preSolution
		Debug|Any CPU = Debug|Any CPU
		Release|Any CPU = Release|Any CPU
	EndGlobalSection
	GlobalSection(ProjectConfigurationPlatforms) = postSolution
		{AEEECBD5-3A2E-4744-8E7D-45D29B9DA4D5}.Debug|Any CPU.ActiveCfg = Debug|Any CPU
		{AEEECBD5-3A2E-4744-8E7D-45D29B9DA4D5}.Debug|Any CPU.Build.0 = Debug|Any CPU
		{AEEECBD5-3A2E-4744-8E7D-45D29B9DA4D5}.Debug|Any CPU.Deploy.0 = Debug|Any CPU
		{AEEECBD5-3A2E-4744-8E7D-45D29B9DA4D5}.Release|Any CPU.ActiveCfg = Release|Any CPU
		{AEEECBD5-3A2E-4744-8E7D-45D29B9DA4D5}.Release|Any CPU.Build.0 = Release|Any CPU
		{AEEECBD5-3A2E-4744-8E7D-45D29B9DA4D5}.Release|Any CPU.Deploy.0 = Release|Any CPU
	EndGlobalSection
	GlobalSection(SolutionProperties) = preSolution
		HideSolutionNode = FALSE
	EndGlobalSection
	GlobalSection(ExtensibilityGlobals) = postSolution
		SolutionGuid = {96F57487-7B37-41E5-9794-F44A559151BD}
	EndGlobalSection
EndGlobal
